PODS:
  - ASJTagsView (1.1)
  - SnapKit (4.0.0)
  - SVProgressHUD (2.2.3)

DEPENDENCIES:
  - ASJTagsView
  - SnapKit
  - SVProgressHUD

SPEC CHECKSUMS:
  ASJTagsView: fc7526f5d76fd2a07a011b232a03a6d2b0a9dad1
  SnapKit: a42d492c16e80209130a3379f73596c3454b7694
  SVProgressHUD: a5eaeff664a82dda89809c409ace40183ce91523

PODFILE CHECKSUM: f144c8d6122fccf23234f4bb5f69cb0de7fc95f6

COCOAPODS: 1.4.0
